{
  "name": "KeyMaster",
  "lockfileVersion": 3,
  "requires": true,
  "packages": {
    "": {
      "dependencies": {
        "@splinetool/loader": "^1.9.48",
        "three": "^0.171.0"
      }
    },
    "node_modules/@splinetool/loader": {
      "version": "1.9.48",
      "resolved": "https://registry.npmjs.org/@splinetool/loader/-/loader-1.9.48.tgz",
      "integrity": "sha512-CIVNebrdrPTRLF22YCxuxtvcygKA/CCM2GuD3meA4h403+sTEfxwIu4coywM8TubLdGjzuq4j3HvmaSLnTLdRQ==",
      "dependencies": {
        "semver-compare": "^1.0.0"
      },
      "peerDependencies": {
        "three": ">=0.133.0"
      }
    },
    "node_modules/semver-compare": {
      "version": "1.0.0",
      "resolved": "https://registry.npmjs.org/semver-compare/-/semver-compare-1.0.0.tgz",
      "integrity": "sha512-YM3/ITh2MJ5MtzaM429anh+x2jiLVjqILF4m4oyQB18W7Ggea7BfqdH/wGMK7dDiMghv/6WG7znWMwUDzJiXow=="
    },
    "node_modules/three": {
      "version": "0.171.0",
      "resolved": "https://registry.npmjs.org/three/-/three-0.171.0.tgz",
      "integrity": "sha512-Y/lAXPaKZPcEdkKjh0JOAHVv8OOnv/NDJqm0wjfCzyQmfKxV7zvkwsnBgPBKTzJHToSOhRGQAGbPJObT59B/PQ=="
    }
  }
}
